
Microsoft Visual Studio Solution File, Format Version 12.00
# Visual Studio 2013
VisualStudioVersion = 12.0.30723.0
MinimumVisualStudioVersion = 10.0.40219.1
Project("{FAE04EC0-301F-11D3-BF4B-00C04F79EFBC}") = "HINAdventures", "HINAdventures\HINAdventures.csproj", "{0FE9FC86-1148-4ED0-8A0A-54D8762342E9}"
EndProject
Project("{FAE04EC0-301F-11D3-BF4B-00C04F79EFBC}") = "HINAdventures.Tests", "HINAdventures.Tests\HINAdventures.Tests.csproj", "{C71805F4-BFF7-46C9-B5B3-720408F74CEA}"
EndProject
Global
	GlobalSection(SolutionConfigurationPlatforms) = preSolution
		Debug|Any CPU = Debug|Any CPU
		Release|Any CPU = Release|Any CPU
	EndGlobalSection
	GlobalSection(ProjectConfigurationPlatforms) = postSolution
		{0FE9FC86-1148-4ED0-8A0A-54D8762342E9}.Debug|Any CPU.ActiveCfg = Debug|Any CPU
		{0FE9FC86-1148-4ED0-8A0A-54D8762342E9}.Debug|Any CPU.Build.0 = Debug|Any CPU
		{0FE9FC86-1148-4ED0-8A0A-54D8762342E9}.Release|Any CPU.ActiveCfg = Release|Any CPU
		{0FE9FC86-1148-4ED0-8A0A-54D8762342E9}.Release|Any CPU.Build.0 = Release|Any CPU
		{C71805F4-BFF7-46C9-B5B3-720408F74CEA}.Debug|Any CPU.ActiveCfg = Debug|Any CPU
		{C71805F4-BFF7-46C9-B5B3-720408F74CEA}.Debug|Any CPU.Build.0 = Debug|Any CPU
		{C71805F4-BFF7-46C9-B5B3-720408F74CEA}.Release|Any CPU.ActiveCfg = Release|Any CPU
		{C71805F4-BFF7-46C9-B5B3-720408F74CEA}.Release|Any CPU.Build.0 = Release|Any CPU
	EndGlobalSection
	GlobalSection(SolutionProperties) = preSolution
		HideSolutionNode = FALSE
	EndGlobalSection
EndGlobal
